
Microsoft Visual Studio Solution File, Format Version 12.00
# Visual Studio Version 16
VisualStudioVersion = 25.0.1706.14
MinimumVisualStudioVersion = 10.0.40219.1
Project("{FAE04EC0-301F-11D3-BF4B-00C04F79EFBC}") = "01_MainSubjects", "01_MainSubjects\01_MainSubjects.csproj", "{7F603F41-648F-48F4-A137-B2629279DF4C}"
EndProject
Project("{FAE04EC0-301F-11D3-BF4B-00C04F79EFBC}") = "02_Variables", "02_Variables\02_Variables.csproj", "{5E7234B0-15C5-4FBD-A8C6-554D32C40769}"
EndProject
Project("{FAE04EC0-301F-11D3-BF4B-00C04F79EFBC}") = "03_MakingDecision", "03_MakingDecision\03_MakingDecision.csproj", "{92FE722C-E152-41C1-B2A4-8B558EC7BED1}"
EndProject
Project("{FAE04EC0-301F-11D3-BF4B-00C04F79EFBC}") = "04_Loops", "04_Loops\04_Loops.csproj", "{8CAA84C2-5D97-4E5F-9806-40354D38E08B}"
EndProject
Project("{FAE04EC0-301F-11D3-BF4B-00C04F79EFBC}") = "05_LoopsWithStars", "05_LoopsWithStars\05_LoopsWithStars.csproj", "{F88D2918-6289-4991-877F-F17CA4382879}"
EndProject
Project("{FAE04EC0-301F-11D3-BF4B-00C04F79EFBC}") = "06_Arrays", "06_Arrays\06_Arrays.csproj", "{F9479C85-31B5-496A-915C-498B4339FD01}"
EndProject
Project("{FAE04EC0-301F-11D3-BF4B-00C04F79EFBC}") = "07_ForeachLoop", "ForeachLoop\07_ForeachLoop.csproj", "{DB41724C-DE02-4E94-BD29-83AD407862D0}"
EndProject
Project("{FAE04EC0-301F-11D3-BF4B-00C04F79EFBC}") = "08_Methods", "08_Methods\08_Methods.csproj", "{43A0E0DF-738E-4DF4-82D3-B911923E21FD}"
EndProject
Project("{FAE04EC0-301F-11D3-BF4B-00C04F79EFBC}") = "09_DatabaseProject", "09_DatabaseProject\09_DatabaseProject.csproj", "{478657FF-A712-4B9D-BF1F-4EF0F7EC9B74}"
EndProject
Global
	GlobalSection(SolutionConfigurationPlatforms) = preSolution
		Debug|Any CPU = Debug|Any CPU
		Release|Any CPU = Release|Any CPU
	EndGlobalSection
	GlobalSection(ProjectConfigurationPlatforms) = postSolution
		{7F603F41-648F-48F4-A137-B2629279DF4C}.Debug|Any CPU.ActiveCfg = Debug|Any CPU
		{7F603F41-648F-48F4-A137-B2629279DF4C}.Debug|Any CPU.Build.0 = Debug|Any CPU
		{7F603F41-648F-48F4-A137-B2629279DF4C}.Release|Any CPU.ActiveCfg = Release|Any CPU
		{7F603F41-648F-48F4-A137-B2629279DF4C}.Release|Any CPU.Build.0 = Release|Any CPU
		{5E7234B0-15C5-4FBD-A8C6-554D32C40769}.Debug|Any CPU.ActiveCfg = Debug|Any CPU
		{5E7234B0-15C5-4FBD-A8C6-554D32C40769}.Debug|Any CPU.Build.0 = Debug|Any CPU
		{5E7234B0-15C5-4FBD-A8C6-554D32C40769}.Release|Any CPU.ActiveCfg = Release|Any CPU
		{5E7234B0-15C5-4FBD-A8C6-554D32C40769}.Release|Any CPU.Build.0 = Release|Any CPU
		{92FE722C-E152-41C1-B2A4-8B558EC7BED1}.Debug|Any CPU.ActiveCfg = Debug|Any CPU
		{92FE722C-E152-41C1-B2A4-8B558EC7BED1}.Debug|Any CPU.Build.0 = Debug|Any CPU
		{92FE722C-E152-41C1-B2A4-8B558EC7BED1}.Release|Any CPU.ActiveCfg = Release|Any CPU
		{92FE722C-E152-41C1-B2A4-8B558EC7BED1}.Release|Any CPU.Build.0 = Release|Any CPU
		{8CAA84C2-5D97-4E5F-9806-40354D38E08B}.Debug|Any CPU.ActiveCfg = Debug|Any CPU
		{8CAA84C2-5D97-4E5F-9806-40354D38E08B}.Debug|Any CPU.Build.0 = Debug|Any CPU
		{8CAA84C2-5D97-4E5F-9806-40354D38E08B}.Release|Any CPU.ActiveCfg = Release|Any CPU
		{8CAA84C2-5D97-4E5F-9806-40354D38E08B}.Release|Any CPU.Build.0 = Release|Any CPU
		{F88D2918-6289-4991-877F-F17CA4382879}.Debug|Any CPU.ActiveCfg = Debug|Any CPU
		{F88D2918-6289-4991-877F-F17CA4382879}.Debug|Any CPU.Build.0 = Debug|Any CPU
		{F88D2918-6289-4991-877F-F17CA4382879}.Release|Any CPU.ActiveCfg = Release|Any CPU
		{F88D2918-6289-4991-877F-F17CA4382879}.Release|Any CPU.Build.0 = Release|Any CPU
		{F9479C85-31B5-496A-915C-498B4339FD01}.Debug|Any CPU.ActiveCfg = Debug|Any CPU
		{F9479C85-31B5-496A-915C-498B4339FD01}.Debug|Any CPU.Build.0 = Debug|Any CPU
		{F9479C85-31B5-496A-915C-498B4339FD01}.Release|Any CPU.ActiveCfg = Release|Any CPU
		{F9479C85-31B5-496A-915C-498B4339FD01}.Release|Any CPU.Build.0 = Release|Any CPU
		{DB41724C-DE02-4E94-BD29-83AD407862D0}.Debug|Any CPU.ActiveCfg = Debug|Any CPU
		{DB41724C-DE02-4E94-BD29-83AD407862D0}.Debug|Any CPU.Build.0 = Debug|Any CPU
		{DB41724C-DE02-4E94-BD29-83AD407862D0}.Release|Any CPU.ActiveCfg = Release|Any CPU
		{DB41724C-DE02-4E94-BD29-83AD407862D0}.Release|Any CPU.Build.0 = Release|Any CPU
		{43A0E0DF-738E-4DF4-82D3-B911923E21FD}.Debug|Any CPU.ActiveCfg = Debug|Any CPU
		{43A0E0DF-738E-4DF4-82D3-B911923E21FD}.Debug|Any CPU.Build.0 = Debug|Any CPU
		{43A0E0DF-738E-4DF4-82D3-B911923E21FD}.Release|Any CPU.ActiveCfg = Release|Any CPU
		{43A0E0DF-738E-4DF4-82D3-B911923E21FD}.Release|Any CPU.Build.0 = Release|Any CPU
		{478657FF-A712-4B9D-BF1F-4EF0F7EC9B74}.Debug|Any CPU.ActiveCfg = Debug|Any CPU
		{478657FF-A712-4B9D-BF1F-4EF0F7EC9B74}.Debug|Any CPU.Build.0 = Debug|Any CPU
		{478657FF-A712-4B9D-BF1F-4EF0F7EC9B74}.Release|Any CPU.ActiveCfg = Release|Any CPU
		{478657FF-A712-4B9D-BF1F-4EF0F7EC9B74}.Release|Any CPU.Build.0 = Release|Any CPU
	EndGlobalSection
	GlobalSection(SolutionProperties) = preSolution
		HideSolutionNode = FALSE
	EndGlobalSection
	GlobalSection(ExtensibilityGlobals) = postSolution
		SolutionGuid = {36F2EAC7-E165-4FB1-9297-D650C1345EAD}
	EndGlobalSection
EndGlobal
